
Microsoft Visual Studio Solution File, Format Version 12.00
# Visual Studio Version 17
VisualStudioVersion = 17.2.32519.379
MinimumVisualStudioVersion = 10.0.40219.1
Project("{FAE04EC0-301F-11D3-BF4B-00C04F79EFBC}") = "FindAverageMaxMIn", "FindAverageMaxMIn\FindAverageMaxMIn.csproj", "{8E1C8941-E0DA-42BE-A60B-05447E137ADC}"
EndProject
Global
	GlobalSection(SolutionConfigurationPlatforms) = preSolution
		Debug|Any CPU = Debug|Any CPU
		Release|Any CPU = Release|Any CPU
	EndGlobalSection
	GlobalSection(ProjectConfigurationPlatforms) = postSolution
		{8E1C8941-E0DA-42BE-A60B-05447E137ADC}.Debug|Any CPU.ActiveCfg = Debug|Any CPU
		{8E1C8941-E0DA-42BE-A60B-05447E137ADC}.Debug|Any CPU.Build.0 = Debug|Any CPU
		{8E1C8941-E0DA-42BE-A60B-05447E137ADC}.Release|Any CPU.ActiveCfg = Release|Any CPU
		{8E1C8941-E0DA-42BE-A60B-05447E137ADC}.Release|Any CPU.Build.0 = Release|Any CPU
	EndGlobalSection
	GlobalSection(SolutionProperties) = preSolution
		HideSolutionNode = FALSE
	EndGlobalSection
	GlobalSection(ExtensibilityGlobals) = postSolution
		SolutionGuid = {7F24D91E-36F1-43E5-8A61-9F6B19FFEBDB}
	EndGlobalSection
EndGlobal
